
Microsoft Visual Studio Solution File, Format Version 12.00
# Visual Studio Version 17
VisualStudioVersion = 17.8.34330.188
MinimumVisualStudioVersion = 10.0.40219.1
Project("{FAE04EC0-301F-11D3-BF4B-00C04F79EFBC}") = "AdvancedDB_Form", "AdvancedDB_Form.csproj", "{AADF3E01-D93A-463E-98DF-706AB0A99999}"
EndProject
Global
	GlobalSection(SolutionConfigurationPlatforms) = preSolution
		Debug|Any CPU = Debug|Any CPU
		Release|Any CPU = Release|Any CPU
	EndGlobalSection
	GlobalSection(ProjectConfigurationPlatforms) = postSolution
		{AADF3E01-D93A-463E-98DF-706AB0A99999}.Debug|Any CPU.ActiveCfg = Debug|Any CPU
		{AADF3E01-D93A-463E-98DF-706AB0A99999}.Debug|Any CPU.Build.0 = Debug|Any CPU
		{AADF3E01-D93A-463E-98DF-706AB0A99999}.Release|Any CPU.ActiveCfg = Release|Any CPU
		{AADF3E01-D93A-463E-98DF-706AB0A99999}.Release|Any CPU.Build.0 = Release|Any CPU
	EndGlobalSection
	GlobalSection(SolutionProperties) = preSolution
		HideSolutionNode = FALSE
	EndGlobalSection
	GlobalSection(ExtensibilityGlobals) = postSolution
		SolutionGuid = {567B972D-DEFE-494E-91A4-A2D6183CB1FE}
	EndGlobalSection
EndGlobal
