
Microsoft Visual Studio Solution File, Format Version 12.00
# Visual Studio Version 17
VisualStudioVersion = 17.8.34330.188
MinimumVisualStudioVersion = 10.0.40219.1
Project("{FAE04EC0-301F-11D3-BF4B-00C04F79EFBC}") = "AdvancedDB2", "AdvancedDB2.csproj", "{FCFE111E-4C5F-4F7C-AA1D-E2AACCA5DB71}"
EndProject
Global
	GlobalSection(SolutionConfigurationPlatforms) = preSolution
		Debug|Any CPU = Debug|Any CPU
		Release|Any CPU = Release|Any CPU
	EndGlobalSection
	GlobalSection(ProjectConfigurationPlatforms) = postSolution
		{FCFE111E-4C5F-4F7C-AA1D-E2AACCA5DB71}.Debug|Any CPU.ActiveCfg = Debug|Any CPU
		{FCFE111E-4C5F-4F7C-AA1D-E2AACCA5DB71}.Debug|Any CPU.Build.0 = Debug|Any CPU
		{FCFE111E-4C5F-4F7C-AA1D-E2AACCA5DB71}.Release|Any CPU.ActiveCfg = Release|Any CPU
		{FCFE111E-4C5F-4F7C-AA1D-E2AACCA5DB71}.Release|Any CPU.Build.0 = Release|Any CPU
	EndGlobalSection
	GlobalSection(SolutionProperties) = preSolution
		HideSolutionNode = FALSE
	EndGlobalSection
	GlobalSection(ExtensibilityGlobals) = postSolution
		SolutionGuid = {0665B284-F818-4883-A12B-410450C5E363}
	EndGlobalSection
EndGlobal
